
Microsoft Visual Studio Solution File, Format Version 12.00
# Visual Studio Version 17
VisualStudioVersion = 17.3.32811.315
MinimumVisualStudioVersion = 10.0.40219.1
Project("{FAE04EC0-301F-11D3-BF4B-00C04F79EFBC}") = "AngorApp", "Angor\Avalonia\AngorApp\AngorApp.csproj", "{94E52338-4818-4683-BC62-CB6B38402324}"
EndProject
Project("{FAE04EC0-301F-11D3-BF4B-00C04F79EFBC}") = "AngorApp.Desktop", "Angor\Avalonia\AngorApp.Desktop\AngorApp.Desktop.csproj", "{B0BFAC0F-9F74-4770-9B12-A3A478DB0A71}"
EndProject
Project("{2150E333-8FDC-42A3-9474-1A3956D46DE8}") = "Solution Items", "Solution Items", "{A02A88B0-7199-4506-82FF-82390EC6D18B}"
	ProjectSection(SolutionItems) = preProject
		Angor\Avalonia\Directory.Packages.props = Angor\Avalonia\Directory.Packages.props
	EndProjectSection
EndProject
Project("{FAE04EC0-301F-11D3-BF4B-00C04F79EFBC}") = "Angor.UI.Model", "Angor\Avalonia\Angor.UI.Model\Angor.UI.Model.csproj", "{BCCAC388-AC7D-4BA4-9C1E-58D3FAF5D0D5}"
EndProject
Project("{FAE04EC0-301F-11D3-BF4B-00C04F79EFBC}") = "Angor.Shared", "Angor\Shared\Angor.Shared.csproj", "{700DF0C4-C965-4662-A91F-CD3BE043AC9E}"
EndProject
Project("{FAE04EC0-301F-11D3-BF4B-00C04F79EFBC}") = "Angor.UI.Model.Implementation", "Angor\Avalonia\Angor.UI.Model.Implementation\Angor.UI.Model.Implementation.csproj", "{539B4D21-F2A9-46A6-84F1-9A51884A62E9}"
EndProject
Project("{FAE04EC0-301F-11D3-BF4B-00C04F79EFBC}") = "Angor.UI.Model.Implementation.Tests", "Angor\Avalonia\Angor.UI.Model.Implementation.Tests\Angor.UI.Model.Implementation.Tests.csproj", "{B84751C6-1B82-4DE8-9FBE-F0A67D981C43}"
EndProject
Project("{2150E333-8FDC-42A3-9474-1A3956D46DE8}") = "Core", "Core", "{5B7EE527-242E-4C87-9BB7-AD4E05EABC4C}"
EndProject
Project("{2150E333-8FDC-42A3-9474-1A3956D46DE8}") = "SuppaWallet", "SuppaWallet", "{38983913-1844-4F56-BD4F-53321CC06645}"
EndProject
Project("{FAE04EC0-301F-11D3-BF4B-00C04F79EFBC}") = "RefinedSuppaWallet.Domain", "..\..\TestProject2\RefinedSuppaWallet.Domain\RefinedSuppaWallet.Domain.csproj", "{B732539E-7DE1-434A-B37A-E8DCCE232590}"
EndProject
Project("{FAE04EC0-301F-11D3-BF4B-00C04F79EFBC}") = "RefinedSuppaWallet.Application", "..\..\TestProject2\RefinedSuppaWallet.Application\RefinedSuppaWallet.Application.csproj", "{15B7DA1D-2B76-45BB-813D-B01D04DE7A08}"
EndProject
Project("{FAE04EC0-301F-11D3-BF4B-00C04F79EFBC}") = "Angor.Client", "Angor\Client\Angor.Client.csproj", "{20BEE8A8-69EE-42DD-A253-8713D33829D8}"
EndProject
Project("{FAE04EC0-301F-11D3-BF4B-00C04F79EFBC}") = "RefinedSuppaWallet.Infrastructure", "..\..\TestProject2\RefinedSuppaWallet.Infrastructure\RefinedSuppaWallet.Infrastructure.csproj", "{5A5A440B-2ED2-4404-9069-3EDF242E4C4C}"
EndProject
Project("{FAE04EC0-301F-11D3-BF4B-00C04F79EFBC}") = "RefinedSuppaWallet.Infrastructure.Angor", "RefinedSuppaWallet.Infrastructure.Angor\RefinedSuppaWallet.Infrastructure.Angor.csproj", "{0553B1D4-DABF-404B-83D2-7F7E2A8EF997}"
EndProject
Project("{FAE04EC0-301F-11D3-BF4B-00C04F79EFBC}") = "RefinedSuppaWallet.Tests", "..\..\TestProject2\RefinedSuppaWallet.Tests\RefinedSuppaWallet.Tests.csproj", "{8206A222-7006-4856-9864-96AC177C910B}"
EndProject
Project("{FAE04EC0-301F-11D3-BF4B-00C04F79EFBC}") = "RefinedSuppaWallet.Intrastructure.Mempool", "..\..\TestProject2\RefinedSuppaWallet.Intrastructure.Mempool\RefinedSuppaWallet.Intrastructure.Mempool.csproj", "{6A2F6114-FE24-4160-90EB-A9283ACE2DDF}"
EndProject
Global
	GlobalSection(SolutionConfigurationPlatforms) = preSolution
		Debug|Any CPU = Debug|Any CPU
		Release|Any CPU = Release|Any CPU
	EndGlobalSection
	GlobalSection(ProjectConfigurationPlatforms) = postSolution
		{94E52338-4818-4683-BC62-CB6B38402324}.Debug|Any CPU.ActiveCfg = Debug|Any CPU
		{94E52338-4818-4683-BC62-CB6B38402324}.Debug|Any CPU.Build.0 = Debug|Any CPU
		{94E52338-4818-4683-BC62-CB6B38402324}.Release|Any CPU.ActiveCfg = Release|Any CPU
		{94E52338-4818-4683-BC62-CB6B38402324}.Release|Any CPU.Build.0 = Release|Any CPU
		{B0BFAC0F-9F74-4770-9B12-A3A478DB0A71}.Debug|Any CPU.ActiveCfg = Debug|Any CPU
		{B0BFAC0F-9F74-4770-9B12-A3A478DB0A71}.Debug|Any CPU.Build.0 = Debug|Any CPU
		{B0BFAC0F-9F74-4770-9B12-A3A478DB0A71}.Release|Any CPU.ActiveCfg = Release|Any CPU
		{B0BFAC0F-9F74-4770-9B12-A3A478DB0A71}.Release|Any CPU.Build.0 = Release|Any CPU
		{BCCAC388-AC7D-4BA4-9C1E-58D3FAF5D0D5}.Debug|Any CPU.ActiveCfg = Debug|Any CPU
		{BCCAC388-AC7D-4BA4-9C1E-58D3FAF5D0D5}.Debug|Any CPU.Build.0 = Debug|Any CPU
		{BCCAC388-AC7D-4BA4-9C1E-58D3FAF5D0D5}.Release|Any CPU.ActiveCfg = Release|Any CPU
		{BCCAC388-AC7D-4BA4-9C1E-58D3FAF5D0D5}.Release|Any CPU.Build.0 = Release|Any CPU
		{700DF0C4-C965-4662-A91F-CD3BE043AC9E}.Debug|Any CPU.ActiveCfg = Debug|Any CPU
		{700DF0C4-C965-4662-A91F-CD3BE043AC9E}.Debug|Any CPU.Build.0 = Debug|Any CPU
		{700DF0C4-C965-4662-A91F-CD3BE043AC9E}.Release|Any CPU.ActiveCfg = Release|Any CPU
		{700DF0C4-C965-4662-A91F-CD3BE043AC9E}.Release|Any CPU.Build.0 = Release|Any CPU
		{539B4D21-F2A9-46A6-84F1-9A51884A62E9}.Debug|Any CPU.ActiveCfg = Debug|Any CPU
		{539B4D21-F2A9-46A6-84F1-9A51884A62E9}.Debug|Any CPU.Build.0 = Debug|Any CPU
		{539B4D21-F2A9-46A6-84F1-9A51884A62E9}.Release|Any CPU.ActiveCfg = Release|Any CPU
		{539B4D21-F2A9-46A6-84F1-9A51884A62E9}.Release|Any CPU.Build.0 = Release|Any CPU
		{B84751C6-1B82-4DE8-9FBE-F0A67D981C43}.Debug|Any CPU.ActiveCfg = Debug|Any CPU
		{B84751C6-1B82-4DE8-9FBE-F0A67D981C43}.Debug|Any CPU.Build.0 = Debug|Any CPU
		{B84751C6-1B82-4DE8-9FBE-F0A67D981C43}.Release|Any CPU.ActiveCfg = Release|Any CPU
		{B84751C6-1B82-4DE8-9FBE-F0A67D981C43}.Release|Any CPU.Build.0 = Release|Any CPU
		{B732539E-7DE1-434A-B37A-E8DCCE232590}.Debug|Any CPU.ActiveCfg = Debug|Any CPU
		{B732539E-7DE1-434A-B37A-E8DCCE232590}.Debug|Any CPU.Build.0 = Debug|Any CPU
		{B732539E-7DE1-434A-B37A-E8DCCE232590}.Release|Any CPU.ActiveCfg = Release|Any CPU
		{B732539E-7DE1-434A-B37A-E8DCCE232590}.Release|Any CPU.Build.0 = Release|Any CPU
		{15B7DA1D-2B76-45BB-813D-B01D04DE7A08}.Debug|Any CPU.ActiveCfg = Debug|Any CPU
		{15B7DA1D-2B76-45BB-813D-B01D04DE7A08}.Debug|Any CPU.Build.0 = Debug|Any CPU
		{15B7DA1D-2B76-45BB-813D-B01D04DE7A08}.Release|Any CPU.ActiveCfg = Release|Any CPU
		{15B7DA1D-2B76-45BB-813D-B01D04DE7A08}.Release|Any CPU.Build.0 = Release|Any CPU
		{20BEE8A8-69EE-42DD-A253-8713D33829D8}.Debug|Any CPU.ActiveCfg = Debug|Any CPU
		{20BEE8A8-69EE-42DD-A253-8713D33829D8}.Debug|Any CPU.Build.0 = Debug|Any CPU
		{20BEE8A8-69EE-42DD-A253-8713D33829D8}.Release|Any CPU.ActiveCfg = Release|Any CPU
		{20BEE8A8-69EE-42DD-A253-8713D33829D8}.Release|Any CPU.Build.0 = Release|Any CPU
		{5A5A440B-2ED2-4404-9069-3EDF242E4C4C}.Debug|Any CPU.ActiveCfg = Debug|Any CPU
		{5A5A440B-2ED2-4404-9069-3EDF242E4C4C}.Debug|Any CPU.Build.0 = Debug|Any CPU
		{5A5A440B-2ED2-4404-9069-3EDF242E4C4C}.Release|Any CPU.ActiveCfg = Release|Any CPU
		{5A5A440B-2ED2-4404-9069-3EDF242E4C4C}.Release|Any CPU.Build.0 = Release|Any CPU
		{0553B1D4-DABF-404B-83D2-7F7E2A8EF997}.Debug|Any CPU.ActiveCfg = Debug|Any CPU
		{0553B1D4-DABF-404B-83D2-7F7E2A8EF997}.Debug|Any CPU.Build.0 = Debug|Any CPU
		{0553B1D4-DABF-404B-83D2-7F7E2A8EF997}.Release|Any CPU.ActiveCfg = Release|Any CPU
		{0553B1D4-DABF-404B-83D2-7F7E2A8EF997}.Release|Any CPU.Build.0 = Release|Any CPU
		{8206A222-7006-4856-9864-96AC177C910B}.Debug|Any CPU.ActiveCfg = Debug|Any CPU
		{8206A222-7006-4856-9864-96AC177C910B}.Debug|Any CPU.Build.0 = Debug|Any CPU
		{8206A222-7006-4856-9864-96AC177C910B}.Release|Any CPU.ActiveCfg = Release|Any CPU
		{8206A222-7006-4856-9864-96AC177C910B}.Release|Any CPU.Build.0 = Release|Any CPU
		{6A2F6114-FE24-4160-90EB-A9283ACE2DDF}.Debug|Any CPU.ActiveCfg = Debug|Any CPU
		{6A2F6114-FE24-4160-90EB-A9283ACE2DDF}.Debug|Any CPU.Build.0 = Debug|Any CPU
		{6A2F6114-FE24-4160-90EB-A9283ACE2DDF}.Release|Any CPU.ActiveCfg = Release|Any CPU
		{6A2F6114-FE24-4160-90EB-A9283ACE2DDF}.Release|Any CPU.Build.0 = Release|Any CPU
	EndGlobalSection
	GlobalSection(SolutionProperties) = preSolution
		HideSolutionNode = FALSE
	EndGlobalSection
	GlobalSection(ExtensibilityGlobals) = postSolution
		SolutionGuid = {83CB65B8-011F-4ED7-BCD3-A6CFA935EF7E}
	EndGlobalSection
	GlobalSection(NestedProjects) = preSolution
		{BCCAC388-AC7D-4BA4-9C1E-58D3FAF5D0D5} = {5B7EE527-242E-4C87-9BB7-AD4E05EABC4C}
		{539B4D21-F2A9-46A6-84F1-9A51884A62E9} = {5B7EE527-242E-4C87-9BB7-AD4E05EABC4C}
		{B84751C6-1B82-4DE8-9FBE-F0A67D981C43} = {5B7EE527-242E-4C87-9BB7-AD4E05EABC4C}
		{700DF0C4-C965-4662-A91F-CD3BE043AC9E} = {5B7EE527-242E-4C87-9BB7-AD4E05EABC4C}
		{38983913-1844-4F56-BD4F-53321CC06645} = {5B7EE527-242E-4C87-9BB7-AD4E05EABC4C}
		{B732539E-7DE1-434A-B37A-E8DCCE232590} = {38983913-1844-4F56-BD4F-53321CC06645}
		{15B7DA1D-2B76-45BB-813D-B01D04DE7A08} = {38983913-1844-4F56-BD4F-53321CC06645}
		{20BEE8A8-69EE-42DD-A253-8713D33829D8} = {5B7EE527-242E-4C87-9BB7-AD4E05EABC4C}
		{5A5A440B-2ED2-4404-9069-3EDF242E4C4C} = {38983913-1844-4F56-BD4F-53321CC06645}
		{0553B1D4-DABF-404B-83D2-7F7E2A8EF997} = {38983913-1844-4F56-BD4F-53321CC06645}
		{8206A222-7006-4856-9864-96AC177C910B} = {38983913-1844-4F56-BD4F-53321CC06645}
		{6A2F6114-FE24-4160-90EB-A9283ACE2DDF} = {38983913-1844-4F56-BD4F-53321CC06645}
	EndGlobalSection
EndGlobal
